{"1.2.0",
[{<<"inert">>,{pkg,<<"inert">>,<<"1.0.4">>},0},
 {<<"procket">>,{pkg,<<"procket">>,<<"0.9.6">>},0}]}.
[
{pkg_hash,[
 {<<"inert">>, <<"51586E4E77E3C5ABC00E3A12AEE829FB6E44D51E4C7957F7B97C4378A15985DD">>},
 {<<"procket">>, <<"467014637052CAB030DD32D5269591B82763420C9572F61CD6C5657FE4579777">>}]},
{pkg_hash_ext,[
 {<<"inert">>, <<"1C45F2043FD80B18D7C00410D8DF9B7CA463A3F7479CB4E3A2745C60C81EDDE7">>},
 {<<"procket">>, <<"037287B8D10A747E54A69BDCE56724ECC8BE12BCB8233AE4D6F885F0ED71E895">>}]}
].
