{"1.2.0",
[{<<"inert">>,{pkg,<<"inert">>,<<"1.0.4">>},0},
 {<<"procket">>,{pkg,<<"procket">>,<<"0.9.5">>},0}]}.
[
{pkg_hash,[
 {<<"inert">>, <<"51586E4E77E3C5ABC00E3A12AEE829FB6E44D51E4C7957F7B97C4378A15985DD">>},
 {<<"procket">>, <<"CE91C00CB3F4D627FB3827F46CE68E6A969EA265DF1AFB349C300A07BE4BB16C">>}]},
{pkg_hash_ext,[
 {<<"inert">>, <<"1C45F2043FD80B18D7C00410D8DF9B7CA463A3F7479CB4E3A2745C60C81EDDE7">>},
 {<<"procket">>, <<"1288BBA5EB6F08EA5DF3DDA9E051BDAC8F4B1E50ADCCA5CF4D726E825AD81BED">>}]}
].
